
Microsoft Visual Studio Solution File, Format Version 12.00
# Visual Studio Version 16
VisualStudioVersion = 16.0.29709.97
MinimumVisualStudioVersion = 10.0.40219.1
Project("{9A19103F-16F7-4668-BE54-9A1E7A4F7556}") = "Worker", "Worker.csproj", "{50AE1B9E-0191-4ACB-BC4B-D2D8AF9B244B}"
EndProject
Global
	GlobalSection(SolutionConfigurationPlatforms) = preSolution
		Debug|Any CPU = Debug|Any CPU
		Release|Any CPU = Release|Any CPU
	EndGlobalSection
	GlobalSection(ProjectConfigurationPlatforms) = postSolution
		{50AE1B9E-0191-4ACB-BC4B-D2D8AF9B244B}.Debug|Any CPU.ActiveCfg = Debug|Any CPU
		{50AE1B9E-0191-4ACB-BC4B-D2D8AF9B244B}.Debug|Any CPU.Build.0 = Debug|Any CPU
		{50AE1B9E-0191-4ACB-BC4B-D2D8AF9B244B}.Release|Any CPU.ActiveCfg = Release|Any CPU
		{50AE1B9E-0191-4ACB-BC4B-D2D8AF9B244B}.Release|Any CPU.Build.0 = Release|Any CPU
	EndGlobalSection
	GlobalSection(SolutionProperties) = preSolution
		HideSolutionNode = FALSE
	EndGlobalSection
	GlobalSection(ExtensibilityGlobals) = postSolution
		SolutionGuid = {4E14786A-7E44-4C8B-8F76-F1942A2916AA}
	EndGlobalSection
EndGlobal
